{
  "name": "www",
  "lockfileVersion": 3,
  "requires": true,
  "packages": {
    "": {
      "dependencies": {
        "LambdaCalculusInterpreter": "file:../pkg"
      }
    },
    "../pkg": {
      "name": "LambdaCalculusInterpreter",
      "version": "0.1.0"
    },
    "node_modules/LambdaCalculusInterpreter": {
      "resolved": "../pkg",
      "link": true
    }
  }
}
