{
  "name": "lambda-calculus",
  "version": "1.0.0",
  "lockfileVersion": 3,
  "requires": true,
  "packages": {
    "": {
      "name": "lambda-calculus",
      "version": "1.0.0",
      "license": "ISC",
      "dependencies": {
        "lambda-calculus-interpreter": "file:../pkg"
      }
    },
    "../pkg": {
      "name": "LambdaCalculusInterpreter",
      "version": "0.1.0"
    },
    "node_modules/lambda-calculus-interpreter": {
      "resolved": "../pkg",
      "link": true
    }
  }
}
